
Microsoft Visual Studio Solution File, Format Version 12.00
# Visual Studio Version 17
VisualStudioVersion = 17.11.35312.102
MinimumVisualStudioVersion = 10.0.40219.1
Project("{9A19103F-16F7-4668-BE54-9A1E7A4F7556}") = "UML2Kristian", "UML2Kristian\UML2Kristian.csproj", "{8AC0A04F-6716-42BB-808E-46629584ABFB}"
EndProject
Project("{9A19103F-16F7-4668-BE54-9A1E7A4F7556}") = "PizzaLibrary", "PizzaLibrary\PizzaLibrary.csproj", "{FC7E52FA-4CFE-4271-8CAE-5079B8042F6B}"
EndProject
Project("{FAE04EC0-301F-11D3-BF4B-00C04F79EFBC}") = "ConsoleMenu", "ConsoleMenu\ConsoleMenu.csproj", "{F7330858-BAA2-4565-8B4F-549F774C6BE7}"
EndProject
Project("{FAE04EC0-301F-11D3-BF4B-00C04F79EFBC}") = "UML2Razor", "UML2Razor\UML2Razor.csproj", "{66A62F66-4BC5-4326-AFD6-0C122CCD3495}"
EndProject
Global
	GlobalSection(SolutionConfigurationPlatforms) = preSolution
		Debug|Any CPU = Debug|Any CPU
		Release|Any CPU = Release|Any CPU
	EndGlobalSection
	GlobalSection(ProjectConfigurationPlatforms) = postSolution
		{8AC0A04F-6716-42BB-808E-46629584ABFB}.Debug|Any CPU.ActiveCfg = Debug|Any CPU
		{8AC0A04F-6716-42BB-808E-46629584ABFB}.Debug|Any CPU.Build.0 = Debug|Any CPU
		{8AC0A04F-6716-42BB-808E-46629584ABFB}.Release|Any CPU.ActiveCfg = Release|Any CPU
		{8AC0A04F-6716-42BB-808E-46629584ABFB}.Release|Any CPU.Build.0 = Release|Any CPU
		{FC7E52FA-4CFE-4271-8CAE-5079B8042F6B}.Debug|Any CPU.ActiveCfg = Debug|Any CPU
		{FC7E52FA-4CFE-4271-8CAE-5079B8042F6B}.Debug|Any CPU.Build.0 = Debug|Any CPU
		{FC7E52FA-4CFE-4271-8CAE-5079B8042F6B}.Release|Any CPU.ActiveCfg = Release|Any CPU
		{FC7E52FA-4CFE-4271-8CAE-5079B8042F6B}.Release|Any CPU.Build.0 = Release|Any CPU
		{F7330858-BAA2-4565-8B4F-549F774C6BE7}.Debug|Any CPU.ActiveCfg = Debug|Any CPU
		{F7330858-BAA2-4565-8B4F-549F774C6BE7}.Debug|Any CPU.Build.0 = Debug|Any CPU
		{F7330858-BAA2-4565-8B4F-549F774C6BE7}.Release|Any CPU.ActiveCfg = Release|Any CPU
		{F7330858-BAA2-4565-8B4F-549F774C6BE7}.Release|Any CPU.Build.0 = Release|Any CPU
		{66A62F66-4BC5-4326-AFD6-0C122CCD3495}.Debug|Any CPU.ActiveCfg = Debug|Any CPU
		{66A62F66-4BC5-4326-AFD6-0C122CCD3495}.Debug|Any CPU.Build.0 = Debug|Any CPU
		{66A62F66-4BC5-4326-AFD6-0C122CCD3495}.Release|Any CPU.ActiveCfg = Release|Any CPU
		{66A62F66-4BC5-4326-AFD6-0C122CCD3495}.Release|Any CPU.Build.0 = Release|Any CPU
	EndGlobalSection
	GlobalSection(SolutionProperties) = preSolution
		HideSolutionNode = FALSE
	EndGlobalSection
	GlobalSection(ExtensibilityGlobals) = postSolution
		SolutionGuid = {911B84F2-F48B-41EE-AE27-B011EC77E497}
	EndGlobalSection
EndGlobal
